
Microsoft Visual Studio Solution File, Format Version 12.00
# Visual Studio Version 16
VisualStudioVersion = 16.0.28803.452
MinimumVisualStudioVersion = 10.0.40219.1
Project("{2150E333-8FDC-42A3-9474-1A3956D46DE8}") = "Solution Items", "Solution Items", "{403238BD-BE8A-4E78-924A-C841CD8C7955}"
	ProjectSection(SolutionItems) = preProject
		.editorconfig = .editorconfig
		.gitattributes = .gitattributes
		.gitignore = .gitignore
		LICENSE = LICENSE
		README.md = README.md
		THIRD-PARTY-NOTICES.TXT = THIRD-PARTY-NOTICES.TXT
	EndProjectSection
EndProject
Project("{2150E333-8FDC-42A3-9474-1A3956D46DE8}") = "build", "build", "{E4259BCE-EA4C-434C-8896-CEBBEC38222D}"
	ProjectSection(SolutionItems) = preProject
		build.sh = build.sh
		Directory.Build.props = Directory.Build.props
		nuget.config = nuget.config
		run-benchmarks.sh = run-benchmarks.sh
	EndProjectSection
EndProject
Project("{2150E333-8FDC-42A3-9474-1A3956D46DE8}") = "source", "source", "{8B042DF3-9060-43DB-8A38-776A636C5469}"
EndProject
Project("{2150E333-8FDC-42A3-9474-1A3956D46DE8}") = "tests", "tests", "{B8A6D1B4-8EEC-4D78-8E28-B00116FFF157}"
	ProjectSection(SolutionItems) = preProject
		tests\Directory.Build.props = tests\Directory.Build.props
	EndProjectSection
EndProject
Project("{9A19103F-16F7-4668-BE54-9A1E7A4F7556}") = "gfoidl.Base64", "source\gfoidl.Base64\gfoidl.Base64.csproj", "{3C85A6AA-23A7-43CC-A744-BD225193369F}"
EndProject
Project("{9A19103F-16F7-4668-BE54-9A1E7A4F7556}") = "gfoidl.Base64.Tests", "tests\gfoidl.Base64.Tests\gfoidl.Base64.Tests.csproj", "{3385B383-37A8-4D67-9C84-4B1F32EF15F5}"
EndProject
Project("{2150E333-8FDC-42A3-9474-1A3956D46DE8}") = ".azure", ".azure", "{14D978E3-737F-46B0-A37C-84A580417498}"
EndProject
Project("{2150E333-8FDC-42A3-9474-1A3956D46DE8}") = "pipelines", "pipelines", "{42D5558B-424A-4A6F-BFD7-F82D344CD4F5}"
	ProjectSection(SolutionItems) = preProject
		.azure\pipelines\ci.yml = .azure\pipelines\ci.yml
		.azure\pipelines\fuzz.yml = .azure\pipelines\fuzz.yml
	EndProjectSection
EndProject
Project("{2150E333-8FDC-42A3-9474-1A3956D46DE8}") = "jobs", "jobs", "{BBE8166F-3522-4A1F-87F7-1D88280529C5}"
	ProjectSection(SolutionItems) = preProject
		.azure\pipelines\jobs\benchmarks.yml = .azure\pipelines\jobs\benchmarks.yml
		.azure\pipelines\jobs\benchmarks_net_full.yml = .azure\pipelines\jobs\benchmarks_net_full.yml
		.azure\pipelines\jobs\build_and_test.yml = .azure\pipelines\jobs\build_and_test.yml
		.azure\pipelines\jobs\build_and_test_intrinsics.yml = .azure\pipelines\jobs\build_and_test_intrinsics.yml
		.azure\pipelines\jobs\build_docs.yml = .azure\pipelines\jobs\build_docs.yml
		.azure\pipelines\jobs\coverage.yml = .azure\pipelines\jobs\coverage.yml
		.azure\pipelines\jobs\demo.yml = .azure\pipelines\jobs\demo.yml
		.azure\pipelines\jobs\deploy_docs.yml = .azure\pipelines\jobs\deploy_docs.yml
		.azure\pipelines\jobs\deploy_nuget.yml = .azure\pipelines\jobs\deploy_nuget.yml
		.azure\pipelines\jobs\fuzzing.yml = .azure\pipelines\jobs\fuzzing.yml
	EndProjectSection
EndProject
Project("{2150E333-8FDC-42A3-9474-1A3956D46DE8}") = "demo", "demo", "{A52BCD9C-4216-42E5-AB37-FD5F6C46A9E7}"
EndProject
Project("{9A19103F-16F7-4668-BE54-9A1E7A4F7556}") = "gfoidl.Base64.Demo", "demo\gfoidl.Base64.Demo\gfoidl.Base64.Demo.csproj", "{C642C23E-7465-4E63-B059-CD67B8C89555}"
EndProject
Project("{2150E333-8FDC-42A3-9474-1A3956D46DE8}") = "perf", "perf", "{35F8F60F-BAC0-487A-83EB-8588797F3B1F}"
EndProject
Project("{9A19103F-16F7-4668-BE54-9A1E7A4F7556}") = "gfoidl.Base64.Benchmarks", "perf\gfoidl.Base64.Benchmarks\gfoidl.Base64.Benchmarks.csproj", "{41097931-26CD-4203-B69C-A14CA5FBB69D}"
EndProject
Project("{2150E333-8FDC-42A3-9474-1A3956D46DE8}") = "fuzz", "fuzz", "{89ADD037-F9FC-4ADE-99B8-D89307057409}"
EndProject
Project("{9A19103F-16F7-4668-BE54-9A1E7A4F7556}") = "gfoidl.Base64.FuzzTests", "fuzz\gfoidl.Base64.FuzzTests\gfoidl.Base64.FuzzTests.csproj", "{DC515055-B8E7-4C25-B4CF-703292C4F975}"
EndProject
Project("{2150E333-8FDC-42A3-9474-1A3956D46DE8}") = "testcases", "testcases", "{18096666-86BE-4AEA-AE79-E4528DFFC43C}"
	ProjectSection(SolutionItems) = preProject
		fuzz\testcases\1.dat = fuzz\testcases\1.dat
	EndProjectSection
EndProject
Project("{2150E333-8FDC-42A3-9474-1A3956D46DE8}") = ".github", ".github", "{CD033330-6EDE-4E8E-976C-5CB7C58217E8}"
	ProjectSection(SolutionItems) = preProject
		.github\CODEOWNERS = .github\CODEOWNERS
		.github\pull_request_template.md = .github\pull_request_template.md
	EndProjectSection
EndProject
Project("{2150E333-8FDC-42A3-9474-1A3956D46DE8}") = "ISSUE_TEMPLATE", "ISSUE_TEMPLATE", "{3F0FD9C1-1B52-4BC6-9BD8-8FD3B0162E88}"
	ProjectSection(SolutionItems) = preProject
		.github\ISSUE_TEMPLATE\bug_report.md = .github\ISSUE_TEMPLATE\bug_report.md
	EndProjectSection
EndProject
Project("{2150E333-8FDC-42A3-9474-1A3956D46DE8}") = "scripts", "scripts", "{692006B6-CD1B-4A91-97C5-0A98C25EAD23}"
	ProjectSection(SolutionItems) = preProject
		fuzz\init-system.sh = fuzz\init-system.sh
		fuzz\init.sh = fuzz\init.sh
		fuzz\run.sh = fuzz\run.sh
		fuzz\setup.sh = fuzz\setup.sh
	EndProjectSection
EndProject
Project("{9A19103F-16F7-4668-BE54-9A1E7A4F7556}") = "gfoidl.Base64.WebDemo", "demo\gfoidl.Base64.WebDemo\gfoidl.Base64.WebDemo.csproj", "{66E1E4B6-BD9B-40FF-85A9-070B0D497E59}"
EndProject
Project("{2150E333-8FDC-42A3-9474-1A3956D46DE8}") = ".github", ".github", "{BD59807B-C788-497A-9E78-BFD789BB7639}"
EndProject
Project("{2150E333-8FDC-42A3-9474-1A3956D46DE8}") = "workflows", "workflows", "{F8CF9ED3-55C6-4C71-87B1-2BF860B1A9C9}"
	ProjectSection(SolutionItems) = preProject
		.github\workflows\automerge.yml = .github\workflows\automerge.yml
	EndProjectSection
EndProject
Project("{2150E333-8FDC-42A3-9474-1A3956D46DE8}") = "api-doc", "api-doc", "{B064262E-B0CE-464E-922D-3A7563A49FB6}"
	ProjectSection(SolutionItems) = preProject
		api-doc\.gitignore = api-doc\.gitignore
		api-doc\docfx.json = api-doc\docfx.json
		api-doc\filterConfig.yml = api-doc\filterConfig.yml
		api-doc\index.md = api-doc\index.md
		api-doc\toc.yml = api-doc\toc.yml
	EndProjectSection
EndProject
Project("{2150E333-8FDC-42A3-9474-1A3956D46DE8}") = "images", "images", "{C83936D6-A39A-49F3-A386-71376149E1C8}"
	ProjectSection(SolutionItems) = preProject
		api-doc\images\logo_32.png = api-doc\images\logo_32.png
	EndProjectSection
EndProject
Project("{2150E333-8FDC-42A3-9474-1A3956D46DE8}") = "articles", "articles", "{6830EE14-70FC-4DDA-8370-4E3EE7A1076E}"
	ProjectSection(SolutionItems) = preProject
		api-doc\articles\benchmarks.md = api-doc\articles\benchmarks.md
		api-doc\articles\intro.md = api-doc\articles\intro.md
		api-doc\articles\toc.yml = api-doc\articles\toc.yml
	EndProjectSection
EndProject
Project("{2150E333-8FDC-42A3-9474-1A3956D46DE8}") = "api", "api", "{3E4FD8C2-DABC-413D-B4BA-8F160A32ED5E}"
	ProjectSection(SolutionItems) = preProject
		api-doc\api\.gitignore = api-doc\api\.gitignore
		api-doc\api\index.md = api-doc\api\index.md
	EndProjectSection
EndProject
Global
	GlobalSection(SolutionConfigurationPlatforms) = preSolution
		Debug|Any CPU = Debug|Any CPU
		Fuzz|Any CPU = Fuzz|Any CPU
		Release|Any CPU = Release|Any CPU
	EndGlobalSection
	GlobalSection(ProjectConfigurationPlatforms) = postSolution
		{3C85A6AA-23A7-43CC-A744-BD225193369F}.Debug|Any CPU.ActiveCfg = Debug|Any CPU
		{3C85A6AA-23A7-43CC-A744-BD225193369F}.Debug|Any CPU.Build.0 = Debug|Any CPU
		{3C85A6AA-23A7-43CC-A744-BD225193369F}.Fuzz|Any CPU.ActiveCfg = Debug|Any CPU
		{3C85A6AA-23A7-43CC-A744-BD225193369F}.Release|Any CPU.ActiveCfg = Release|Any CPU
		{3C85A6AA-23A7-43CC-A744-BD225193369F}.Release|Any CPU.Build.0 = Release|Any CPU
		{3385B383-37A8-4D67-9C84-4B1F32EF15F5}.Debug|Any CPU.ActiveCfg = Debug|Any CPU
		{3385B383-37A8-4D67-9C84-4B1F32EF15F5}.Debug|Any CPU.Build.0 = Debug|Any CPU
		{3385B383-37A8-4D67-9C84-4B1F32EF15F5}.Fuzz|Any CPU.ActiveCfg = Debug|Any CPU
		{3385B383-37A8-4D67-9C84-4B1F32EF15F5}.Release|Any CPU.ActiveCfg = Release|Any CPU
		{3385B383-37A8-4D67-9C84-4B1F32EF15F5}.Release|Any CPU.Build.0 = Release|Any CPU
		{C642C23E-7465-4E63-B059-CD67B8C89555}.Debug|Any CPU.ActiveCfg = Debug|Any CPU
		{C642C23E-7465-4E63-B059-CD67B8C89555}.Debug|Any CPU.Build.0 = Debug|Any CPU
		{C642C23E-7465-4E63-B059-CD67B8C89555}.Fuzz|Any CPU.ActiveCfg = Debug|Any CPU
		{C642C23E-7465-4E63-B059-CD67B8C89555}.Release|Any CPU.ActiveCfg = Release|Any CPU
		{C642C23E-7465-4E63-B059-CD67B8C89555}.Release|Any CPU.Build.0 = Release|Any CPU
		{41097931-26CD-4203-B69C-A14CA5FBB69D}.Debug|Any CPU.ActiveCfg = Debug|Any CPU
		{41097931-26CD-4203-B69C-A14CA5FBB69D}.Debug|Any CPU.Build.0 = Debug|Any CPU
		{41097931-26CD-4203-B69C-A14CA5FBB69D}.Fuzz|Any CPU.ActiveCfg = Debug|Any CPU
		{41097931-26CD-4203-B69C-A14CA5FBB69D}.Release|Any CPU.ActiveCfg = Release|Any CPU
		{41097931-26CD-4203-B69C-A14CA5FBB69D}.Release|Any CPU.Build.0 = Release|Any CPU
		{DC515055-B8E7-4C25-B4CF-703292C4F975}.Debug|Any CPU.ActiveCfg = Debug|Any CPU
		{DC515055-B8E7-4C25-B4CF-703292C4F975}.Fuzz|Any CPU.ActiveCfg = Release|Any CPU
		{DC515055-B8E7-4C25-B4CF-703292C4F975}.Fuzz|Any CPU.Build.0 = Release|Any CPU
		{DC515055-B8E7-4C25-B4CF-703292C4F975}.Release|Any CPU.ActiveCfg = Release|Any CPU
		{66E1E4B6-BD9B-40FF-85A9-070B0D497E59}.Debug|Any CPU.ActiveCfg = Debug|Any CPU
		{66E1E4B6-BD9B-40FF-85A9-070B0D497E59}.Debug|Any CPU.Build.0 = Debug|Any CPU
		{66E1E4B6-BD9B-40FF-85A9-070B0D497E59}.Fuzz|Any CPU.ActiveCfg = Debug|Any CPU
		{66E1E4B6-BD9B-40FF-85A9-070B0D497E59}.Fuzz|Any CPU.Build.0 = Debug|Any CPU
		{66E1E4B6-BD9B-40FF-85A9-070B0D497E59}.Release|Any CPU.ActiveCfg = Release|Any CPU
		{66E1E4B6-BD9B-40FF-85A9-070B0D497E59}.Release|Any CPU.Build.0 = Release|Any CPU
	EndGlobalSection
	GlobalSection(SolutionProperties) = preSolution
		HideSolutionNode = FALSE
	EndGlobalSection
	GlobalSection(NestedProjects) = preSolution
		{3C85A6AA-23A7-43CC-A744-BD225193369F} = {8B042DF3-9060-43DB-8A38-776A636C5469}
		{3385B383-37A8-4D67-9C84-4B1F32EF15F5} = {B8A6D1B4-8EEC-4D78-8E28-B00116FFF157}
		{14D978E3-737F-46B0-A37C-84A580417498} = {E4259BCE-EA4C-434C-8896-CEBBEC38222D}
		{42D5558B-424A-4A6F-BFD7-F82D344CD4F5} = {14D978E3-737F-46B0-A37C-84A580417498}
		{BBE8166F-3522-4A1F-87F7-1D88280529C5} = {42D5558B-424A-4A6F-BFD7-F82D344CD4F5}
		{C642C23E-7465-4E63-B059-CD67B8C89555} = {A52BCD9C-4216-42E5-AB37-FD5F6C46A9E7}
		{41097931-26CD-4203-B69C-A14CA5FBB69D} = {35F8F60F-BAC0-487A-83EB-8588797F3B1F}
		{DC515055-B8E7-4C25-B4CF-703292C4F975} = {89ADD037-F9FC-4ADE-99B8-D89307057409}
		{18096666-86BE-4AEA-AE79-E4528DFFC43C} = {89ADD037-F9FC-4ADE-99B8-D89307057409}
		{CD033330-6EDE-4E8E-976C-5CB7C58217E8} = {403238BD-BE8A-4E78-924A-C841CD8C7955}
		{3F0FD9C1-1B52-4BC6-9BD8-8FD3B0162E88} = {CD033330-6EDE-4E8E-976C-5CB7C58217E8}
		{692006B6-CD1B-4A91-97C5-0A98C25EAD23} = {89ADD037-F9FC-4ADE-99B8-D89307057409}
		{66E1E4B6-BD9B-40FF-85A9-070B0D497E59} = {A52BCD9C-4216-42E5-AB37-FD5F6C46A9E7}
		{BD59807B-C788-497A-9E78-BFD789BB7639} = {E4259BCE-EA4C-434C-8896-CEBBEC38222D}
		{F8CF9ED3-55C6-4C71-87B1-2BF860B1A9C9} = {BD59807B-C788-497A-9E78-BFD789BB7639}
		{B064262E-B0CE-464E-922D-3A7563A49FB6} = {403238BD-BE8A-4E78-924A-C841CD8C7955}
		{C83936D6-A39A-49F3-A386-71376149E1C8} = {B064262E-B0CE-464E-922D-3A7563A49FB6}
		{6830EE14-70FC-4DDA-8370-4E3EE7A1076E} = {B064262E-B0CE-464E-922D-3A7563A49FB6}
		{3E4FD8C2-DABC-413D-B4BA-8F160A32ED5E} = {B064262E-B0CE-464E-922D-3A7563A49FB6}
	EndGlobalSection
	GlobalSection(ExtensibilityGlobals) = postSolution
		SolutionGuid = {A902DC31-2F3E-4397-93D1-5004F325B71C}
	EndGlobalSection
EndGlobal
