
Microsoft Visual Studio Solution File, Format Version 12.00
# Visual Studio 15
VisualStudioVersion = 15.0.28306.52
MinimumVisualStudioVersion = 10.0.40219.1
Project("{2150E333-8FDC-42A3-9474-1A3956D46DE8}") = "Solution Items", "Solution Items", "{403238BD-BE8A-4E78-924A-C841CD8C7955}"
	ProjectSection(SolutionItems) = preProject
		.gitattributes = .gitattributes
		.gitignore = .gitignore
		LICENSE = LICENSE
		README.md = README.md
	EndProjectSection
EndProject
Project("{2150E333-8FDC-42A3-9474-1A3956D46DE8}") = "build", "build", "{E4259BCE-EA4C-434C-8896-CEBBEC38222D}"
	ProjectSection(SolutionItems) = preProject
		build.sh = build.sh
		Directory.Build.props = Directory.Build.props
	EndProjectSection
EndProject
Project("{2150E333-8FDC-42A3-9474-1A3956D46DE8}") = ".circleci", ".circleci", "{B58B10E0-3AC2-4DE0-B484-F17898711CAF}"
	ProjectSection(SolutionItems) = preProject
		.circleci\config.yml = .circleci\config.yml
	EndProjectSection
EndProject
Project("{2150E333-8FDC-42A3-9474-1A3956D46DE8}") = "source", "source", "{8B042DF3-9060-43DB-8A38-776A636C5469}"
EndProject
Project("{2150E333-8FDC-42A3-9474-1A3956D46DE8}") = "tests", "tests", "{B8A6D1B4-8EEC-4D78-8E28-B00116FFF157}"
	ProjectSection(SolutionItems) = preProject
		tests\Directory.Build.props = tests\Directory.Build.props
	EndProjectSection
EndProject
Project("{9A19103F-16F7-4668-BE54-9A1E7A4F7556}") = "gfoidl.Base64", "source\gfoidl.Base64\gfoidl.Base64.csproj", "{3C85A6AA-23A7-43CC-A744-BD225193369F}"
EndProject
Project("{9A19103F-16F7-4668-BE54-9A1E7A4F7556}") = "gfoidl.Base64.Tests", "tests\gfoidl.Base64.Tests\gfoidl.Base64.Tests.csproj", "{3385B383-37A8-4D67-9C84-4B1F32EF15F5}"
EndProject
Project("{2150E333-8FDC-42A3-9474-1A3956D46DE8}") = ".azure", ".azure", "{14D978E3-737F-46B0-A37C-84A580417498}"
EndProject
Project("{2150E333-8FDC-42A3-9474-1A3956D46DE8}") = "pipelines", "pipelines", "{42D5558B-424A-4A6F-BFD7-F82D344CD4F5}"
	ProjectSection(SolutionItems) = preProject
		.azure\pipelines\ci.yml = .azure\pipelines\ci.yml
	EndProjectSection
EndProject
Project("{2150E333-8FDC-42A3-9474-1A3956D46DE8}") = "jobs", "jobs", "{BBE8166F-3522-4A1F-87F7-1D88280529C5}"
	ProjectSection(SolutionItems) = preProject
		.azure\pipelines\jobs\build_and_test.yml = .azure\pipelines\jobs\build_and_test.yml
	EndProjectSection
EndProject
Global
	GlobalSection(SolutionConfigurationPlatforms) = preSolution
		Debug|Any CPU = Debug|Any CPU
		Release|Any CPU = Release|Any CPU
	EndGlobalSection
	GlobalSection(ProjectConfigurationPlatforms) = postSolution
		{3C85A6AA-23A7-43CC-A744-BD225193369F}.Debug|Any CPU.ActiveCfg = Debug|Any CPU
		{3C85A6AA-23A7-43CC-A744-BD225193369F}.Debug|Any CPU.Build.0 = Debug|Any CPU
		{3C85A6AA-23A7-43CC-A744-BD225193369F}.Release|Any CPU.ActiveCfg = Release|Any CPU
		{3C85A6AA-23A7-43CC-A744-BD225193369F}.Release|Any CPU.Build.0 = Release|Any CPU
		{3385B383-37A8-4D67-9C84-4B1F32EF15F5}.Debug|Any CPU.ActiveCfg = Debug|Any CPU
		{3385B383-37A8-4D67-9C84-4B1F32EF15F5}.Debug|Any CPU.Build.0 = Debug|Any CPU
		{3385B383-37A8-4D67-9C84-4B1F32EF15F5}.Release|Any CPU.ActiveCfg = Release|Any CPU
		{3385B383-37A8-4D67-9C84-4B1F32EF15F5}.Release|Any CPU.Build.0 = Release|Any CPU
	EndGlobalSection
	GlobalSection(SolutionProperties) = preSolution
		HideSolutionNode = FALSE
	EndGlobalSection
	GlobalSection(NestedProjects) = preSolution
		{B58B10E0-3AC2-4DE0-B484-F17898711CAF} = {E4259BCE-EA4C-434C-8896-CEBBEC38222D}
		{3C85A6AA-23A7-43CC-A744-BD225193369F} = {8B042DF3-9060-43DB-8A38-776A636C5469}
		{3385B383-37A8-4D67-9C84-4B1F32EF15F5} = {B8A6D1B4-8EEC-4D78-8E28-B00116FFF157}
		{14D978E3-737F-46B0-A37C-84A580417498} = {E4259BCE-EA4C-434C-8896-CEBBEC38222D}
		{42D5558B-424A-4A6F-BFD7-F82D344CD4F5} = {14D978E3-737F-46B0-A37C-84A580417498}
		{BBE8166F-3522-4A1F-87F7-1D88280529C5} = {42D5558B-424A-4A6F-BFD7-F82D344CD4F5}
	EndGlobalSection
	GlobalSection(ExtensibilityGlobals) = postSolution
		SolutionGuid = {A902DC31-2F3E-4397-93D1-5004F325B71C}
	EndGlobalSection
EndGlobal
